
Microsoft Visual Studio Solution File, Format Version 12.00
# Visual Studio Version 16
VisualStudioVersion = 16.0.31105.61
MinimumVisualStudioVersion = 10.0.40219.1
Project("{FAE04EC0-301F-11D3-BF4B-00C04F79EFBC}") = "DotNetMonitor", "DotNetMonitor.csproj", "{4FE4D2C8-B120-4538-9152-25C9C7022311}"
EndProject
Global
	GlobalSection(SolutionConfigurationPlatforms) = preSolution
		Debug|Any CPU = Debug|Any CPU
		Release|Any CPU = Release|Any CPU
	EndGlobalSection
	GlobalSection(ProjectConfigurationPlatforms) = postSolution
		{4FE4D2C8-B120-4538-9152-25C9C7022311}.Debug|Any CPU.ActiveCfg = Debug|Any CPU
		{4FE4D2C8-B120-4538-9152-25C9C7022311}.Debug|Any CPU.Build.0 = Debug|Any CPU
		{4FE4D2C8-B120-4538-9152-25C9C7022311}.Release|Any CPU.ActiveCfg = Release|Any CPU
		{4FE4D2C8-B120-4538-9152-25C9C7022311}.Release|Any CPU.Build.0 = Release|Any CPU
	EndGlobalSection
	GlobalSection(SolutionProperties) = preSolution
		HideSolutionNode = FALSE
	EndGlobalSection
	GlobalSection(ExtensibilityGlobals) = postSolution
		SolutionGuid = {0834F2ED-09E6-455F-AEDF-5119CD22231D}
	EndGlobalSection
EndGlobal
